{
  "name": "logic-gate",
  "version": "1.0.2",
  "lockfileVersion": 2,
  "requires": true,
  "packages": {
    "": {
      "name": "logic-gate",
      "version": "1.0.2",
      "license": "ISC",
      "dependencies": {
        "is-function": "^1.0.2",
        "testing": "^2.0.1"
      }
    },
    "node_modules/is-function": {
      "version": "1.0.2",
      "resolved": "https://registry.npmjs.org/is-function/-/is-function-1.0.2.tgz",
      "integrity": "sha512-lw7DUp0aWXYg+CBCN+JKkcE0Q2RayZnSvnZBlwgxHBQhqt5pZNVy4Ri7H9GmmXkdu7LUthszM+Tor1u/2iBcpQ=="
    },
    "node_modules/log": {
      "version": "1.4.0",
      "resolved": "https://registry.npmjs.org/log/-/log-1.4.0.tgz",
      "integrity": "sha1-S6HYkP3iSbAx3KA7w36q8yVlbxw=",
      "engines": {
        "node": ">= 0.2.0"
      }
    },
    "node_modules/testing": {
      "version": "2.0.1",
      "resolved": "https://registry.npmjs.org/testing/-/testing-2.0.1.tgz",
      "integrity": "sha512-2zQ08tZ0fm7ziEsST6DIzIear/sz7AntmxlGsBm+1OPY1ymVzc9HGcLqLuJhwON1npQW/M2eRsukPliSSma+1Q==",
      "dependencies": {
        "log": "1.4.0"
      },
      "engines": {
        "node": ">8"
      }
    }
  },
  "dependencies": {
    "is-function": {
      "version": "1.0.2",
      "resolved": "https://registry.npmjs.org/is-function/-/is-function-1.0.2.tgz",
      "integrity": "sha512-lw7DUp0aWXYg+CBCN+JKkcE0Q2RayZnSvnZBlwgxHBQhqt5pZNVy4Ri7H9GmmXkdu7LUthszM+Tor1u/2iBcpQ=="
    },
    "log": {
      "version": "1.4.0",
      "resolved": "https://registry.npmjs.org/log/-/log-1.4.0.tgz",
      "integrity": "sha1-S6HYkP3iSbAx3KA7w36q8yVlbxw="
    },
    "testing": {
      "version": "2.0.1",
      "resolved": "https://registry.npmjs.org/testing/-/testing-2.0.1.tgz",
      "integrity": "sha512-2zQ08tZ0fm7ziEsST6DIzIear/sz7AntmxlGsBm+1OPY1ymVzc9HGcLqLuJhwON1npQW/M2eRsukPliSSma+1Q==",
      "requires": {
        "log": "1.4.0"
      }
    }
  }
}
