# THIS IS AN AUTOGENERATED FILE. DO NOT EDIT THIS FILE DIRECTLY.
# yarn lockfile v1


"is-function@^1.0.2":
  "integrity" "sha512-lw7DUp0aWXYg+CBCN+JKkcE0Q2RayZnSvnZBlwgxHBQhqt5pZNVy4Ri7H9GmmXkdu7LUthszM+Tor1u/2iBcpQ=="
  "resolved" "https://registry.npmjs.org/is-function/-/is-function-1.0.2.tgz"
  "version" "1.0.2"

"log@1.4.0":
  "integrity" "sha1-S6HYkP3iSbAx3KA7w36q8yVlbxw="
  "resolved" "https://registry.npmjs.org/log/-/log-1.4.0.tgz"
  "version" "1.4.0"

"testing@^2.0.1":
  "integrity" "sha512-2zQ08tZ0fm7ziEsST6DIzIear/sz7AntmxlGsBm+1OPY1ymVzc9HGcLqLuJhwON1npQW/M2eRsukPliSSma+1Q=="
  "resolved" "https://registry.npmjs.org/testing/-/testing-2.0.1.tgz"
  "version" "2.0.1"
  dependencies:
    "log" "1.4.0"
